
Microsoft Visual Studio Solution File, Format Version 12.00
# Visual Studio Version 16
VisualStudioVersion = 16.0.33130.400
MinimumVisualStudioVersion = 10.0.40219.1
Project("{8BC9CEB8-8B4A-11D0-8D11-00A0C91BC942}") = "Chapter_9. Task", "Chapter_9. Task\Chapter_9. Task.vcxproj", "{B02B84CF-A889-4EC6-AB4A-367ED0FCDFBF}"
EndProject
Global
	GlobalSection(SolutionConfigurationPlatforms) = preSolution
		Debug|x64 = Debug|x64
		Debug|x86 = Debug|x86
		Release|x64 = Release|x64
		Release|x86 = Release|x86
	EndGlobalSection
	GlobalSection(ProjectConfigurationPlatforms) = postSolution
		{B02B84CF-A889-4EC6-AB4A-367ED0FCDFBF}.Debug|x64.ActiveCfg = Debug|x64
		{B02B84CF-A889-4EC6-AB4A-367ED0FCDFBF}.Debug|x64.Build.0 = Debug|x64
		{B02B84CF-A889-4EC6-AB4A-367ED0FCDFBF}.Debug|x86.ActiveCfg = Debug|Win32
		{B02B84CF-A889-4EC6-AB4A-367ED0FCDFBF}.Debug|x86.Build.0 = Debug|Win32
		{B02B84CF-A889-4EC6-AB4A-367ED0FCDFBF}.Release|x64.ActiveCfg = Release|x64
		{B02B84CF-A889-4EC6-AB4A-367ED0FCDFBF}.Release|x64.Build.0 = Release|x64
		{B02B84CF-A889-4EC6-AB4A-367ED0FCDFBF}.Release|x86.ActiveCfg = Release|Win32
		{B02B84CF-A889-4EC6-AB4A-367ED0FCDFBF}.Release|x86.Build.0 = Release|Win32
	EndGlobalSection
	GlobalSection(SolutionProperties) = preSolution
		HideSolutionNode = FALSE
	EndGlobalSection
	GlobalSection(ExtensibilityGlobals) = postSolution
		SolutionGuid = {8625E765-74CB-4A13-AA3F-E724E652CD7F}
	EndGlobalSection
EndGlobal
